
Microsoft Visual Studio Solution File, Format Version 12.00
# Visual Studio 15
VisualStudioVersion = 15.0.28307.572
MinimumVisualStudioVersion = 10.0.40219.1
Project("{FAE04EC0-301F-11D3-BF4B-00C04F79EFBC}") = "MainProject", "MainProject\MainProject.csproj", "{B6FF030B-D686-4FD2-BE9A-41457E1D0D29}"
EndProject
Global
	GlobalSection(SolutionConfigurationPlatforms) = preSolution
		Debug|Any CPU = Debug|Any CPU
		Release|Any CPU = Release|Any CPU
	EndGlobalSection
	GlobalSection(ProjectConfigurationPlatforms) = postSolution
		{B6FF030B-D686-4FD2-BE9A-41457E1D0D29}.Debug|Any CPU.ActiveCfg = Debug|Any CPU
		{B6FF030B-D686-4FD2-BE9A-41457E1D0D29}.Debug|Any CPU.Build.0 = Debug|Any CPU
		{B6FF030B-D686-4FD2-BE9A-41457E1D0D29}.Release|Any CPU.ActiveCfg = Release|Any CPU
		{B6FF030B-D686-4FD2-BE9A-41457E1D0D29}.Release|Any CPU.Build.0 = Release|Any CPU
	EndGlobalSection
	GlobalSection(SolutionProperties) = preSolution
		HideSolutionNode = FALSE
	EndGlobalSection
	GlobalSection(ExtensibilityGlobals) = postSolution
		SolutionGuid = {FB56B193-4FAE-4297-81A6-E3ECBB90FC84}
	EndGlobalSection
EndGlobal
